
Microsoft Visual Studio Solution File, Format Version 12.00
# Visual Studio Version 16
VisualStudioVersion = 16.0.29215.179
MinimumVisualStudioVersion = 10.0.40219.1
Project("{9A19103F-16F7-4668-BE54-9A1E7A4F7556}") = "WebApplication", "WebApplication\WebApplication.csproj", "{2B38F198-C68A-403F-ACFC-1ADD6AEBFD0E}"
EndProject
Project("{2150E333-8FDC-42A3-9474-1A3956D46DE8}") = "Solution Items", "Solution Items", "{5CFC0773-78BE-4659-81B8-D02F055239D0}"
	ProjectSection(SolutionItems) = preProject
		.gitignore = .gitignore
	EndProjectSection
EndProject
Global
	GlobalSection(SolutionConfigurationPlatforms) = preSolution
		Debug|Any CPU = Debug|Any CPU
		Release|Any CPU = Release|Any CPU
	EndGlobalSection
	GlobalSection(ProjectConfigurationPlatforms) = postSolution
		{2B38F198-C68A-403F-ACFC-1ADD6AEBFD0E}.Debug|Any CPU.ActiveCfg = Debug|Any CPU
		{2B38F198-C68A-403F-ACFC-1ADD6AEBFD0E}.Debug|Any CPU.Build.0 = Debug|Any CPU
		{2B38F198-C68A-403F-ACFC-1ADD6AEBFD0E}.Release|Any CPU.ActiveCfg = Release|Any CPU
		{2B38F198-C68A-403F-ACFC-1ADD6AEBFD0E}.Release|Any CPU.Build.0 = Release|Any CPU
	EndGlobalSection
	GlobalSection(SolutionProperties) = preSolution
		HideSolutionNode = FALSE
	EndGlobalSection
	GlobalSection(ExtensibilityGlobals) = postSolution
		SolutionGuid = {6535D6BF-E8A5-476B-8CFD-A3CFAAB8759C}
	EndGlobalSection
EndGlobal
